# THIS IS AN AUTOGENERATED FILE. DO NOT EDIT THIS FILE DIRECTLY.
# yarn lockfile v1


sweetalert2@^9.9.0:
  version "9.9.0"
  resolved "https://registry.yarnpkg.com/sweetalert2/-/sweetalert2-9.9.0.tgz#5182ab1affb9ed95d73203c2c51a53dec6ab6814"
  integrity sha512-vJAJaVnNXxwah8QIwtuu6It8BRXP5xWlzcxF+bERDmQKr/1/9iWhoKQF7FF92CvV0FJ1LAGj2Is/0xMkQzGhmw==
